lockfileVersion: '9.0'

settings:
  autoInstallPeers: true
  excludeLinksFromLockfile: false

importers:

  .:
    dependencies:
      '@clack/core':
        specifier: ^0.3.4
        version: 0.3.4
      commander:
        specifier: ^12.1.0
        version: 12.1.0
      is-wsl:
        specifier: ^3.1.0
        version: 3.1.0
      open:
        specifier: ^10.1.0
        version: 10.1.0
      undici:
        specifier: ^6.19.2
        version: 6.19.2
    devDependencies:
      '@biomejs/biome':
        specifier: ^1.8.3
        version: 1.8.3

packages:

  '@biomejs/biome@1.8.3':
    resolution: {integrity: sha512-/uUV3MV+vyAczO+vKrPdOW0Iaet7UnJMU4bNMinggGJTAnBPjCoLEYcyYtYHNnUNYlv4xZMH6hVIQCAozq8d5w==}
    engines: {node: '>=14.21.3'}
    hasBin: true

  '@biomejs/cli-darwin-arm64@1.8.3':
    resolution: {integrity: sha512-9DYOjclFpKrH/m1Oz75SSExR8VKvNSSsLnVIqdnKexj6NwmiMlKk94Wa1kZEdv6MCOHGHgyyoV57Cw8WzL5n3A==}
    engines: {node: '>=14.21.3'}
    cpu: [arm64]
    os: [darwin]

  '@biomejs/cli-darwin-x64@1.8.3':
    resolution: {integrity: sha512-UeW44L/AtbmOF7KXLCoM+9PSgPo0IDcyEUfIoOXYeANaNXXf9mLUwV1GeF2OWjyic5zj6CnAJ9uzk2LT3v/wAw==}
    engines: {node: '>=14.21.3'}
    cpu: [x64]
    os: [darwin]

  '@biomejs/cli-linux-arm64-musl@1.8.3':
    resolution: {integrity: sha512-9yjUfOFN7wrYsXt/T/gEWfvVxKlnh3yBpnScw98IF+oOeCYb5/b/+K7YNqKROV2i1DlMjg9g/EcN9wvj+NkMuQ==}
    engines: {node: '>=14.21.3'}
    cpu: [arm64]
    os: [linux]

  '@biomejs/cli-linux-arm64@1.8.3':
    resolution: {integrity: sha512-fed2ji8s+I/m8upWpTJGanqiJ0rnlHOK3DdxsyVLZQ8ClY6qLuPc9uehCREBifRJLl/iJyQpHIRufLDeotsPtw==}
    engines: {node: '>=14.21.3'}
    cpu: [arm64]
    os: [linux]

  '@biomejs/cli-linux-x64-musl@1.8.3':
    resolution: {integrity: sha512-UHrGJX7PrKMKzPGoEsooKC9jXJMa28TUSMjcIlbDnIO4EAavCoVmNQaIuUSH0Ls2mpGMwUIf+aZJv657zfWWjA==}
    engines: {node: '>=14.21.3'}
    cpu: [x64]
    os: [linux]

  '@biomejs/cli-linux-x64@1.8.3':
    resolution: {integrity: sha512-I8G2QmuE1teISyT8ie1HXsjFRz9L1m5n83U1O6m30Kw+kPMPSKjag6QGUn+sXT8V+XWIZxFFBoTDEDZW2KPDDw==}
    engines: {node: '>=14.21.3'}
    cpu: [x64]
    os: [linux]

  '@biomejs/cli-win32-arm64@1.8.3':
    resolution: {integrity: sha512-J+Hu9WvrBevfy06eU1Na0lpc7uR9tibm9maHynLIoAjLZpQU3IW+OKHUtyL8p6/3pT2Ju5t5emReeIS2SAxhkQ==}
    engines: {node: '>=14.21.3'}
    cpu: [arm64]
    os: [win32]

  '@biomejs/cli-win32-x64@1.8.3':
    resolution: {integrity: sha512-/PJ59vA1pnQeKahemaQf4Nyj7IKUvGQSc3Ze1uIGi+Wvr1xF7rGobSrAAG01T/gUDG21vkDsZYM03NAmPiVkqg==}
    engines: {node: '>=14.21.3'}
    cpu: [x64]
    os: [win32]

  '@clack/core@0.3.4':
    resolution: {integrity: sha512-H4hxZDXgHtWTwV3RAVenqcC4VbJZNegbBjlPvzOzCouXtS2y3sDvlO3IsbrPNWuLWPPlYVYPghQdSF64683Ldw==}

  bundle-name@4.1.0:
    resolution: {integrity: sha512-tjwM5exMg6BGRI+kNmTntNsvdZS1X8BFYS6tnJ2hdH0kVxM6/eVZ2xy+FqStSWvYmtfFMDLIxurorHwDKfDz5Q==}
    engines: {node: '>=18'}

  commander@12.1.0:
    resolution: {integrity: sha512-Vw8qHK3bZM9y/P10u3Vib8o/DdkvA2OtPtZvD871QKjy74Wj1WSKFILMPRPSdUSx5RFK1arlJzEtA4PkFgnbuA==}
    engines: {node: '>=18'}

  default-browser-id@5.0.0:
    resolution: {integrity: sha512-A6p/pu/6fyBcA1TRz/GqWYPViplrftcW2gZC9q79ngNCKAeR/X3gcEdXQHl4KNXV+3wgIJ1CPkJQ3IHM6lcsyA==}
    engines: {node: '>=18'}

  default-browser@5.2.1:
    resolution: {integrity: sha512-WY/3TUME0x3KPYdRRxEJJvXRHV4PyPoUsxtZa78lwItwRQRHhd2U9xOscaT/YTf8uCXIAjeJOFBVEh/7FtD8Xg==}
    engines: {node: '>=18'}

  define-lazy-prop@3.0.0:
    resolution: {integrity: sha512-N+MeXYoqr3pOgn8xfyRPREN7gHakLYjhsHhWGT3fWAiL4IkAt0iDw14QiiEm2bE30c5XX5q0FtAA3CK5f9/BUg==}
    engines: {node: '>=12'}

  is-docker@3.0.0:
    resolution: {integrity: sha512-eljcgEDlEns/7AXFosB5K/2nCM4P7FQPkGc/DWLy5rmFEWvZayGrik1d9/QIY5nJ4f9YsVvBkA6kJpHn9rISdQ==}
    engines: {node: ^12.20.0 || ^14.13.1 || >=16.0.0}
    hasBin: true

  is-inside-container@1.0.0:
    resolution: {integrity: sha512-KIYLCCJghfHZxqjYBE7rEy0OBuTd5xCHS7tHVgvCLkx7StIoaxwNW3hCALgEUjFfeRk+MG/Qxmp/vtETEF3tRA==}
    engines: {node: '>=14.16'}
    hasBin: true

  is-wsl@3.1.0:
    resolution: {integrity: sha512-UcVfVfaK4Sc4m7X3dUSoHoozQGBEFeDC+zVo06t98xe8CzHSZZBekNXH+tu0NalHolcJ/QAGqS46Hef7QXBIMw==}
    engines: {node: '>=16'}

  open@10.1.0:
    resolution: {integrity: sha512-mnkeQ1qP5Ue2wd+aivTD3NHd/lZ96Lu0jgf0pwktLPtx6cTZiH7tyeGRRHs0zX0rbrahXPnXlUnbeXyaBBuIaw==}
    engines: {node: '>=18'}

  picocolors@1.0.1:
    resolution: {integrity: sha512-anP1Z8qwhkbmu7MFP5iTt+wQKXgwzf7zTyGlcdzabySa9vd0Xt392U0rVmz9poOaBj0uHJKyyo9/upk0HrEQew==}

  run-applescript@7.0.0:
    resolution: {integrity: sha512-9by4Ij99JUr/MCFBUkDKLWK3G9HVXmabKz9U5MlIAIuvuzkiOicRYs8XJLxX+xahD+mLiiCYDqF9dKAgtzKP1A==}
    engines: {node: '>=18'}

  sisteransi@1.0.5:
    resolution: {integrity: sha512-bLGGlR1QxBcynn2d5YmDX4MGjlZvy2MRBDRNHLJ8VI6l6+9FUiyTFNJ0IveOSP0bcXgVDPRcfGqA0pjaqUpfVg==}

  undici@6.19.2:
    resolution: {integrity: sha512-JfjKqIauur3Q6biAtHJ564e3bWa8VvT+7cSiOJHFbX4Erv6CLGDpg8z+Fmg/1OI/47RA+GI2QZaF48SSaLvyBA==}
    engines: {node: '>=18.17'}

snapshots:

  '@biomejs/biome@1.8.3':
    optionalDependencies:
      '@biomejs/cli-darwin-arm64': 1.8.3
      '@biomejs/cli-darwin-x64': 1.8.3
      '@biomejs/cli-linux-arm64': 1.8.3
      '@biomejs/cli-linux-arm64-musl': 1.8.3
      '@biomejs/cli-linux-x64': 1.8.3
      '@biomejs/cli-linux-x64-musl': 1.8.3
      '@biomejs/cli-win32-arm64': 1.8.3
      '@biomejs/cli-win32-x64': 1.8.3

  '@biomejs/cli-darwin-arm64@1.8.3':
    optional: true

  '@biomejs/cli-darwin-x64@1.8.3':
    optional: true

  '@biomejs/cli-linux-arm64-musl@1.8.3':
    optional: true

  '@biomejs/cli-linux-arm64@1.8.3':
    optional: true

  '@biomejs/cli-linux-x64-musl@1.8.3':
    optional: true

  '@biomejs/cli-linux-x64@1.8.3':
    optional: true

  '@biomejs/cli-win32-arm64@1.8.3':
    optional: true

  '@biomejs/cli-win32-x64@1.8.3':
    optional: true

  '@clack/core@0.3.4':
    dependencies:
      picocolors: 1.0.1
      sisteransi: 1.0.5

  bundle-name@4.1.0:
    dependencies:
      run-applescript: 7.0.0

  commander@12.1.0: {}

  default-browser-id@5.0.0: {}

  default-browser@5.2.1:
    dependencies:
      bundle-name: 4.1.0
      default-browser-id: 5.0.0

  define-lazy-prop@3.0.0: {}

  is-docker@3.0.0: {}

  is-inside-container@1.0.0:
    dependencies:
      is-docker: 3.0.0

  is-wsl@3.1.0:
    dependencies:
      is-inside-container: 1.0.0

  open@10.1.0:
    dependencies:
      default-browser: 5.2.1
      define-lazy-prop: 3.0.0
      is-inside-container: 1.0.0
      is-wsl: 3.1.0

  picocolors@1.0.1: {}

  run-applescript@7.0.0: {}

  sisteransi@1.0.5: {}

  undici@6.19.2: {}
